
Microsoft Visual Studio Solution File, Format Version 12.00
# Visual Studio Version 17
VisualStudioVersion = 17.0.31903.59
MinimumVisualStudioVersion = 10.0.40219.1
Project("{FAE04EC0-301F-11D3-BF4B-00C04F79EFBC}") = "Calcucumber", "Calcucumber\Calcucumber.csproj", "{B9D5F596-7994-4280-810E-C4EAE4A04503}"
EndProject
Global
	GlobalSection(SolutionConfigurationPlatforms) = preSolution
		Debug|Any CPU = Debug|Any CPU
		Release|Any CPU = Release|Any CPU
	EndGlobalSection
	GlobalSection(ProjectConfigurationPlatforms) = postSolution
		{B9D5F596-7994-4280-810E-C4EAE4A04503}.Debug|Any CPU.ActiveCfg = Debug|Any CPU
		{B9D5F596-7994-4280-810E-C4EAE4A04503}.Debug|Any CPU.Build.0 = Debug|Any CPU
		{B9D5F596-7994-4280-810E-C4EAE4A04503}.Release|Any CPU.ActiveCfg = Release|Any CPU
		{B9D5F596-7994-4280-810E-C4EAE4A04503}.Release|Any CPU.Build.0 = Release|Any CPU
	EndGlobalSection
	GlobalSection(SolutionProperties) = preSolution
		HideSolutionNode = FALSE
	EndGlobalSection
	GlobalSection(ExtensibilityGlobals) = postSolution
		SolutionGuid = {E5B486C5-BF0F-4CBC-A247-E5C9C0F30823}
	EndGlobalSection
EndGlobal
